
Microsoft Visual Studio Solution File, Format Version 12.00
# Visual Studio Version 16
VisualStudioVersion = 16.0.29728.190
MinimumVisualStudioVersion = 10.0.40219.1
Project("{FAE04EC0-301F-11D3-BF4B-00C04F79EFBC}") = "Sudoku", "Sudoku\Sudoku.csproj", "{2275A8BD-0F09-4391-A399-9820148153D5}"
EndProject
Global
	GlobalSection(SolutionConfigurationPlatforms) = preSolution
		Debug|Any CPU = Debug|Any CPU
		Release|Any CPU = Release|Any CPU
	EndGlobalSection
	GlobalSection(ProjectConfigurationPlatforms) = postSolution
		{2275A8BD-0F09-4391-A399-9820148153D5}.Debug|Any CPU.ActiveCfg = Debug|Any CPU
		{2275A8BD-0F09-4391-A399-9820148153D5}.Debug|Any CPU.Build.0 = Debug|Any CPU
		{2275A8BD-0F09-4391-A399-9820148153D5}.Release|Any CPU.ActiveCfg = Release|Any CPU
		{2275A8BD-0F09-4391-A399-9820148153D5}.Release|Any CPU.Build.0 = Release|Any CPU
	EndGlobalSection
	GlobalSection(SolutionProperties) = preSolution
		HideSolutionNode = FALSE
	EndGlobalSection
	GlobalSection(ExtensibilityGlobals) = postSolution
		SolutionGuid = {451A1831-F0C5-472A-992B-17247D1A3611}
	EndGlobalSection
EndGlobal
